
Microsoft Visual Studio Solution File, Format Version 12.00
Project("{FAE04EC0-301F-11D3-BF4B-00C04F79EFBC}") = "Task1LargestNumberInArray", "Task1LargestNumberInArray\Task1LargestNumberInArray.csproj", "{98CD9C46-B4AC-41DB-AB75-B8D7E4C6F269}"
EndProject
Project("{FAE04EC0-301F-11D3-BF4B-00C04F79EFBC}") = "Task2ReverseAString", "Task2ReverseAString\Task2ReverseAString.csproj", "{E5B026D2-850F-40BC-9548-7201C37FB62A}"
EndProject
Project("{FAE04EC0-301F-11D3-BF4B-00C04F79EFBC}") = "Task3GenerateFibonacci", "Task3GenerateFibonacci\Task3GenerateFibonacci.csproj", "{A996035E-6F84-42F6-97B5-D6508CEAF267}"
EndProject
Project("{FAE04EC0-301F-11D3-BF4B-00C04F79EFBC}") = "Task5SortArray", "Task5SortArray\Task5SortArray.csproj", "{C1626C84-3AE0-4758-864C-4378F795D811}"
EndProject
Project("{FAE04EC0-301F-11D3-BF4B-00C04F79EFBC}") = "Task6SwapTwoNumbers", "Task6SwapTwoNumbers\Task6SwapTwoNumbers.csproj", "{9258E19E-2B3E-40B6-8E65-EFA97ADF919D}"
EndProject
Project("{FAE04EC0-301F-11D3-BF4B-00C04F79EFBC}") = "Task4PrimeNumbers", "Task4PrimeNumbers\Task4PrimeNumbers.csproj", "{2230ABF5-9279-48AE-BF3A-714CBDFF2B33}"
EndProject
Project("{FAE04EC0-301F-11D3-BF4B-00C04F79EFBC}") = "Task7UpdateArrayElements", "Task7UpdateArrayElements\Task7UpdateArrayElements.csproj", "{E454F7F4-0FB6-4798-A81F-CD9181E33352}"
EndProject
Project("{FAE04EC0-301F-11D3-BF4B-00C04F79EFBC}") = "Task8DivideTwoNumbers", "Task8DivideTwoNumbers\Task8DivideTwoNumbers.csproj", "{3F43FB69-9104-4DC5-9A6B-4C471F781E30}"
EndProject
Project("{FAE04EC0-301F-11D3-BF4B-00C04F79EFBC}") = "Task9ParseStringToNumber", "Task9ParseStringToNumber\Task9ParseStringToNumber.csproj", "{F3EC82DB-4F0B-4C0D-9993-A6B22141EAA3}"
EndProject
Global
	GlobalSection(SolutionConfigurationPlatforms) = preSolution
		Debug|Any CPU = Debug|Any CPU
		Release|Any CPU = Release|Any CPU
	EndGlobalSection
	GlobalSection(ProjectConfigurationPlatforms) = postSolution
		{98CD9C46-B4AC-41DB-AB75-B8D7E4C6F269}.Debug|Any CPU.ActiveCfg = Debug|Any CPU
		{98CD9C46-B4AC-41DB-AB75-B8D7E4C6F269}.Debug|Any CPU.Build.0 = Debug|Any CPU
		{98CD9C46-B4AC-41DB-AB75-B8D7E4C6F269}.Release|Any CPU.ActiveCfg = Release|Any CPU
		{98CD9C46-B4AC-41DB-AB75-B8D7E4C6F269}.Release|Any CPU.Build.0 = Release|Any CPU
		{E5B026D2-850F-40BC-9548-7201C37FB62A}.Debug|Any CPU.ActiveCfg = Debug|Any CPU
		{E5B026D2-850F-40BC-9548-7201C37FB62A}.Debug|Any CPU.Build.0 = Debug|Any CPU
		{E5B026D2-850F-40BC-9548-7201C37FB62A}.Release|Any CPU.ActiveCfg = Release|Any CPU
		{E5B026D2-850F-40BC-9548-7201C37FB62A}.Release|Any CPU.Build.0 = Release|Any CPU
		{A996035E-6F84-42F6-97B5-D6508CEAF267}.Debug|Any CPU.ActiveCfg = Debug|Any CPU
		{A996035E-6F84-42F6-97B5-D6508CEAF267}.Debug|Any CPU.Build.0 = Debug|Any CPU
		{A996035E-6F84-42F6-97B5-D6508CEAF267}.Release|Any CPU.ActiveCfg = Release|Any CPU
		{A996035E-6F84-42F6-97B5-D6508CEAF267}.Release|Any CPU.Build.0 = Release|Any CPU
		{C1626C84-3AE0-4758-864C-4378F795D811}.Debug|Any CPU.ActiveCfg = Debug|Any CPU
		{C1626C84-3AE0-4758-864C-4378F795D811}.Debug|Any CPU.Build.0 = Debug|Any CPU
		{C1626C84-3AE0-4758-864C-4378F795D811}.Release|Any CPU.ActiveCfg = Release|Any CPU
		{C1626C84-3AE0-4758-864C-4378F795D811}.Release|Any CPU.Build.0 = Release|Any CPU
		{9258E19E-2B3E-40B6-8E65-EFA97ADF919D}.Debug|Any CPU.ActiveCfg = Debug|Any CPU
		{9258E19E-2B3E-40B6-8E65-EFA97ADF919D}.Debug|Any CPU.Build.0 = Debug|Any CPU
		{9258E19E-2B3E-40B6-8E65-EFA97ADF919D}.Release|Any CPU.ActiveCfg = Release|Any CPU
		{9258E19E-2B3E-40B6-8E65-EFA97ADF919D}.Release|Any CPU.Build.0 = Release|Any CPU
		{2230ABF5-9279-48AE-BF3A-714CBDFF2B33}.Debug|Any CPU.ActiveCfg = Debug|Any CPU
		{2230ABF5-9279-48AE-BF3A-714CBDFF2B33}.Debug|Any CPU.Build.0 = Debug|Any CPU
		{2230ABF5-9279-48AE-BF3A-714CBDFF2B33}.Release|Any CPU.ActiveCfg = Release|Any CPU
		{2230ABF5-9279-48AE-BF3A-714CBDFF2B33}.Release|Any CPU.Build.0 = Release|Any CPU
		{E454F7F4-0FB6-4798-A81F-CD9181E33352}.Debug|Any CPU.ActiveCfg = Debug|Any CPU
		{E454F7F4-0FB6-4798-A81F-CD9181E33352}.Debug|Any CPU.Build.0 = Debug|Any CPU
		{E454F7F4-0FB6-4798-A81F-CD9181E33352}.Release|Any CPU.ActiveCfg = Release|Any CPU
		{E454F7F4-0FB6-4798-A81F-CD9181E33352}.Release|Any CPU.Build.0 = Release|Any CPU
		{3F43FB69-9104-4DC5-9A6B-4C471F781E30}.Debug|Any CPU.ActiveCfg = Debug|Any CPU
		{3F43FB69-9104-4DC5-9A6B-4C471F781E30}.Debug|Any CPU.Build.0 = Debug|Any CPU
		{3F43FB69-9104-4DC5-9A6B-4C471F781E30}.Release|Any CPU.ActiveCfg = Release|Any CPU
		{3F43FB69-9104-4DC5-9A6B-4C471F781E30}.Release|Any CPU.Build.0 = Release|Any CPU
		{F3EC82DB-4F0B-4C0D-9993-A6B22141EAA3}.Debug|Any CPU.ActiveCfg = Debug|Any CPU
		{F3EC82DB-4F0B-4C0D-9993-A6B22141EAA3}.Debug|Any CPU.Build.0 = Debug|Any CPU
		{F3EC82DB-4F0B-4C0D-9993-A6B22141EAA3}.Release|Any CPU.ActiveCfg = Release|Any CPU
		{F3EC82DB-4F0B-4C0D-9993-A6B22141EAA3}.Release|Any CPU.Build.0 = Release|Any CPU
	EndGlobalSection
EndGlobal
